
Microsoft Visual Studio Solution File, Format Version 11.00
# Visual Studio 2010
Project("{FAE04EC0-301F-11D3-BF4B-00C04F79EFBC}") = "CreateKankouJittusekiTableApp", "CreateKankouJittusekiTableApp\CreateKankouJittusekiTableApp.csproj", "{4830B6DF-8B3E-4ED5-81C2-2ED9AB92011E}"
EndProject
Global
	GlobalSection(SolutionConfigurationPlatforms) = preSolution
		Debug|x86 = Debug|x86
		Release|x86 = Release|x86
	EndGlobalSection
	GlobalSection(ProjectConfigurationPlatforms) = postSolution
		{4830B6DF-8B3E-4ED5-81C2-2ED9AB92011E}.Debug|x86.ActiveCfg = Debug|x86
		{4830B6DF-8B3E-4ED5-81C2-2ED9AB92011E}.Debug|x86.Build.0 = Debug|x86
		{4830B6DF-8B3E-4ED5-81C2-2ED9AB92011E}.Release|x86.ActiveCfg = Release|x86
		{4830B6DF-8B3E-4ED5-81C2-2ED9AB92011E}.Release|x86.Build.0 = Release|x86
	EndGlobalSection
	GlobalSection(SolutionProperties) = preSolution
		HideSolutionNode = FALSE
	EndGlobalSection
EndGlobal
